
Microsoft Visual Studio Solution File, Format Version 12.00
# Visual Studio Version 16
VisualStudioVersion = 16.0.31729.503
MinimumVisualStudioVersion = 10.0.40219.1
Project("{FAE04EC0-301F-11D3-BF4B-00C04F79EFBC}") = "Natuurpark1.2", "Natuurpark1.2.csproj", "{18456090-2A78-4383-9983-8993357653E4}"
EndProject
Global
	GlobalSection(SolutionConfigurationPlatforms) = preSolution
		Debug|Any CPU = Debug|Any CPU
		Release|Any CPU = Release|Any CPU
	EndGlobalSection
	GlobalSection(ProjectConfigurationPlatforms) = postSolution
		{18456090-2A78-4383-9983-8993357653E4}.Debug|Any CPU.ActiveCfg = Debug|Any CPU
		{18456090-2A78-4383-9983-8993357653E4}.Debug|Any CPU.Build.0 = Debug|Any CPU
		{18456090-2A78-4383-9983-8993357653E4}.Release|Any CPU.ActiveCfg = Release|Any CPU
		{18456090-2A78-4383-9983-8993357653E4}.Release|Any CPU.Build.0 = Release|Any CPU
	EndGlobalSection
	GlobalSection(SolutionProperties) = preSolution
		HideSolutionNode = FALSE
	EndGlobalSection
	GlobalSection(ExtensibilityGlobals) = postSolution
		SolutionGuid = {4492519D-8774-4F94-BAA9-B6F78A1BDCC8}
	EndGlobalSection
EndGlobal
